
Microsoft Visual Studio Solution File, Format Version 12.00
# Visual Studio Version 16
VisualStudioVersion = 16.0.30621.155
MinimumVisualStudioVersion = 10.0.40219.1
Project("{9A19103F-16F7-4668-BE54-9A1E7A4F7556}") = "Project0", "Project0\Project0.csproj", "{6A2E496A-F07A-45D5-92C9-40FDF95713F8}"
EndProject
Global
	GlobalSection(SolutionConfigurationPlatforms) = preSolution
		Debug|Any CPU = Debug|Any CPU
		Release|Any CPU = Release|Any CPU
	EndGlobalSection
	GlobalSection(ProjectConfigurationPlatforms) = postSolution
		{6A2E496A-F07A-45D5-92C9-40FDF95713F8}.Debug|Any CPU.ActiveCfg = Debug|Any CPU
		{6A2E496A-F07A-45D5-92C9-40FDF95713F8}.Debug|Any CPU.Build.0 = Debug|Any CPU
		{6A2E496A-F07A-45D5-92C9-40FDF95713F8}.Release|Any CPU.ActiveCfg = Release|Any CPU
		{6A2E496A-F07A-45D5-92C9-40FDF95713F8}.Release|Any CPU.Build.0 = Release|Any CPU
	EndGlobalSection
	GlobalSection(SolutionProperties) = preSolution
		HideSolutionNode = FALSE
	EndGlobalSection
	GlobalSection(ExtensibilityGlobals) = postSolution
		SolutionGuid = {5A0DB3AD-61A4-4625-94E3-40700250C21C}
	EndGlobalSection
EndGlobal
