
Microsoft Visual Studio Solution File, Format Version 12.00
# Visual Studio Version 16
VisualStudioVersion = 16.0.30621.155
MinimumVisualStudioVersion = 10.0.40219.1
Project("{FAE04EC0-301F-11D3-BF4B-00C04F79EFBC}") = "Project0.ConsoleApp", "..\Project0\Project0.ConsoleApp\Project0.ConsoleApp.csproj", "{FAD05BE0-B25D-4B06-A57A-8763196AAA48}"
EndProject
Project("{FAE04EC0-301F-11D3-BF4B-00C04F79EFBC}") = "Project0.DataModel", "..\Project0\Project0.DataModel\Project0.DataModel.csproj", "{5AC04FAC-A86D-4BC7-B211-3C785E14ED16}"
EndProject
Global
	GlobalSection(SolutionConfigurationPlatforms) = preSolution
		Debug|Any CPU = Debug|Any CPU
		Release|Any CPU = Release|Any CPU
	EndGlobalSection
	GlobalSection(ProjectConfigurationPlatforms) = postSolution
		{FAD05BE0-B25D-4B06-A57A-8763196AAA48}.Debug|Any CPU.ActiveCfg = Debug|Any CPU
		{FAD05BE0-B25D-4B06-A57A-8763196AAA48}.Debug|Any CPU.Build.0 = Debug|Any CPU
		{FAD05BE0-B25D-4B06-A57A-8763196AAA48}.Release|Any CPU.ActiveCfg = Release|Any CPU
		{FAD05BE0-B25D-4B06-A57A-8763196AAA48}.Release|Any CPU.Build.0 = Release|Any CPU
		{5AC04FAC-A86D-4BC7-B211-3C785E14ED16}.Debug|Any CPU.ActiveCfg = Debug|Any CPU
		{5AC04FAC-A86D-4BC7-B211-3C785E14ED16}.Debug|Any CPU.Build.0 = Debug|Any CPU
		{5AC04FAC-A86D-4BC7-B211-3C785E14ED16}.Release|Any CPU.ActiveCfg = Release|Any CPU
		{5AC04FAC-A86D-4BC7-B211-3C785E14ED16}.Release|Any CPU.Build.0 = Release|Any CPU
	EndGlobalSection
	GlobalSection(SolutionProperties) = preSolution
		HideSolutionNode = FALSE
	EndGlobalSection
	GlobalSection(ExtensibilityGlobals) = postSolution
		SolutionGuid = {FBC6D15B-8538-44AE-9486-669BC4FEA117}
	EndGlobalSection
EndGlobal
